Microsoft Visual Studio Solution File, Format Version 12.00
# Visual Studio Version 17
VisualStudioVersion = 17.5.2.0
MinimumVisualStudioVersion = 10.0.40219.1
Project("{FAE04EC0-301F-11D3-BF4B-00C04F79EFBC}") = "CPUScheduler", "CPUScheduler.csproj", "{587E374A-97C8-CA3E-D365-D89CB9A0AF16}"
EndProject
Global
	GlobalSection(SolutionConfigurationPlatforms) = preSolution
		Debug|Any CPU = Debug|Any CPU
		Release|Any CPU = Release|Any CPU
	EndGlobalSection
	GlobalSection(ProjectConfigurationPlatforms) = postSolution
		{587E374A-97C8-CA3E-D365-D89CB9A0AF16}.Debug|Any CPU.ActiveCfg = Debug|Any CPU
		{587E374A-97C8-CA3E-D365-D89CB9A0AF16}.Debug|Any CPU.Build.0 = Debug|Any CPU
		{587E374A-97C8-CA3E-D365-D89CB9A0AF16}.Release|Any CPU.ActiveCfg = Release|Any CPU
		{587E374A-97C8-CA3E-D365-D89CB9A0AF16}.Release|Any CPU.Build.0 = Release|Any CPU
	EndGlobalSection
	GlobalSection(SolutionProperties) = preSolution
		HideSolutionNode = FALSE
	EndGlobalSection
	GlobalSection(ExtensibilityGlobals) = postSolution
		SolutionGuid = {7E18FF4E-FF00-4CC6-9960-1A00EEDA26F0}
	EndGlobalSection
EndGlobal
